
Microsoft Visual Studio Solution File, Format Version 12.00
# Visual Studio Version 17
VisualStudioVersion = 17.14.36203.30 d17.14
MinimumVisualStudioVersion = 10.0.40219.1
Project("{FAE04EC0-301F-11D3-BF4B-00C04F79EFBC}") = "revolverarquebus", "revolverarquebus.csproj", "{C0BC7FB1-F84C-4017-8762-43F5B90F70CB}"
EndProject
Global
	GlobalSection(SolutionConfigurationPlatforms) = preSolution
		Debug|Any CPU = Debug|Any CPU
		Release|Any CPU = Release|Any CPU
	EndGlobalSection
	GlobalSection(ProjectConfigurationPlatforms) = postSolution
		{C0BC7FB1-F84C-4017-8762-43F5B90F70CB}.Debug|Any CPU.ActiveCfg = Debug|Any CPU
		{C0BC7FB1-F84C-4017-8762-43F5B90F70CB}.Debug|Any CPU.Build.0 = Debug|Any CPU
		{C0BC7FB1-F84C-4017-8762-43F5B90F70CB}.Release|Any CPU.ActiveCfg = Release|Any CPU
		{C0BC7FB1-F84C-4017-8762-43F5B90F70CB}.Release|Any CPU.Build.0 = Release|Any CPU
	EndGlobalSection
	GlobalSection(SolutionProperties) = preSolution
		HideSolutionNode = FALSE
	EndGlobalSection
	GlobalSection(ExtensibilityGlobals) = postSolution
		SolutionGuid = {FB49CD7E-32BD-4870-9BC7-3FA1C59E1F30}
	EndGlobalSection
EndGlobal
